// !$*UTF8*$!
{
	archiveVersion = 1;
	classes = {
	};
	objectVersion = 56;
	objects = {

/* Begin PBXBuildFile section */
		CD2B03857705CEBF8E8F4CFD /* Pods_Gallery.framework in Frameworks */ = {isa = PBXBuildFile; fileRef = D83491315DE2216CCF32C43F /* Pods_Gallery.framework */; };
		EB6D92B629FDA39B008AAAC8 /* AppDelegate.swift in Sources */ = {isa = PBXBuildFile; fileRef = EB6D92B529FDA39B008AAAC8 /* AppDelegate.swift */; };
		EB6D92BA29FDA39B008AAAC8 /* MainViewController.swift in Sources */ = {isa = PBXBuildFile; fileRef = EB6D92B929FDA39B008AAAC8 /* MainViewController.swift */; };
		EB6D92BF29FDA39C008AAAC8 /* Assets.xcassets in Resources */ = {isa = PBXBuildFile; fileRef = EB6D92BE29FDA39C008AAAC8 /* Assets.xcassets */; };
		EB6D92C229FDA39C008AAAC8 /* LaunchScreen.storyboard in Resources */ = {isa = PBXBuildFile; fileRef = EB6D92C029FDA39C008AAAC8 /* LaunchScreen.storyboard */; };
		EB6D92E529FDC93A008AAAC8 /* ImageCollectionViewCell.swift in Sources */ = {isa = PBXBuildFile; fileRef = EB6D92E429FDC93A008AAAC8 /* ImageCollectionViewCell.swift */; };
		EB6D92E729FDC963008AAAC8 /* GalleryViewController.swift in Sources */ = {isa = PBXBuildFile; fileRef = EB6D92E629FDC963008AAAC8 /* GalleryViewController.swift */; };
		EB6D92EC29FDC9B1008AAAC8 /* UICollectionViewCell+Extensions.swift in Sources */ = {isa = PBXBuildFile; fileRef = EB6D92EB29FDC9B1008AAAC8 /* UICollectionViewCell+Extensions.swift */; };
		EB6D92EE29FDC9C5008AAAC8 /* Reusable.swift in Sources */ = {isa = PBXBuildFile; fileRef = EB6D92ED29FDC9C5008AAAC8 /* Reusable.swift */; };
		EB6D92F029FDC9CF008AAAC8 /* Configurable.swift in Sources */ = {isa = PBXBuildFile; fileRef = EB6D92EF29FDC9CF008AAAC8 /* Configurable.swift */; };
		EB6D92F429FDCDA1008AAAC8 /* AuthViewController.swift in Sources */ = {isa = PBXBuildFile; fileRef = EB6D92F329FDCDA1008AAAC8 /* AuthViewController.swift */; };
		EB6D92F729FDCF69008AAAC8 /* AuthViewModel.swift in Sources */ = {isa = PBXBuildFile; fileRef = EB6D92F629FDCF69008AAAC8 /* AuthViewModel.swift */; };
		EB6D930129FDE0EC008AAAC8 /* RootCoordinatorImpl.swift in Sources */ = {isa = PBXBuildFile; fileRef = EB6D930029FDE0EC008AAAC8 /* RootCoordinatorImpl.swift */; };
		EB6D930329FDE0FC008AAAC8 /* RootCoordinator.swift in Sources */ = {isa = PBXBuildFile; fileRef = EB6D930229FDE0FC008AAAC8 /* RootCoordinator.swift */; };
		EB6D931029FDE26C008AAAC8 /* ServiceAssembly.swift in Sources */ = {isa = PBXBuildFile; fileRef = EB6D930F29FDE26C008AAAC8 /* ServiceAssembly.swift */; };
		EB6D931229FDE279008AAAC8 /* ServiceAssemblyImpl.swift in Sources */ = {isa = PBXBuildFile; fileRef = EB6D931129FDE279008AAAC8 /* ServiceAssemblyImpl.swift */; };
		EB6D931429FDE35D008AAAC8 /* MainViewModel.swift in Sources */ = {isa = PBXBuildFile; fileRef = EB6D931329FDE35D008AAAC8 /* MainViewModel.swift */; };
		EB6D931629FDE387008AAAC8 /* MainViewOutput.swift in Sources */ = {isa = PBXBuildFile; fileRef = EB6D931529FDE387008AAAC8 /* MainViewOutput.swift */; };
		EB6D931D29FDE55E008AAAC8 /* AuthViewOutput.swift in Sources */ = {isa = PBXBuildFile; fileRef = EB6D931C29FDE55E008AAAC8 /* AuthViewOutput.swift */; };
		EB6D931F29FDE58E008AAAC8 /* AuthAssembly.swift in Sources */ = {isa = PBXBuildFile; fileRef = EB6D931E29FDE58E008AAAC8 /* AuthAssembly.swift */; };
		EB6D932429FDE710008AAAC8 /* AuthCoordinator.swift in Sources */ = {isa = PBXBuildFile; fileRef = EB6D932329FDE710008AAAC8 /* AuthCoordinator.swift */; };
		EB6D932B29FDEA43008AAAC8 /* AuthAsssemblyImpl.swift in Sources */ = {isa = PBXBuildFile; fileRef = EB6D932A29FDEA43008AAAC8 /* AuthAsssemblyImpl.swift */; };
		EB6D932F29FE9A2D008AAAC8 /* AuthService.swift in Sources */ = {isa = PBXBuildFile; fileRef = EB6D932E29FE9A2D008AAAC8 /* AuthService.swift */; };
		EB6D933129FE9A47008AAAC8 /* AuthServiceImpl.swift in Sources */ = {isa = PBXBuildFile; fileRef = EB6D933029FE9A47008AAAC8 /* AuthServiceImpl.swift */; };
		EB6D933729FEA7C6008AAAC8 /* CryptoKitStack.swift in Sources */ = {isa = PBXBuildFile; fileRef = EB6D933629FEA7C6008AAAC8 /* CryptoKitStack.swift */; };
		EB6D933929FEA7D2008AAAC8 /* CryptoKitStackImpl.swift in Sources */ = {isa = PBXBuildFile; fileRef = EB6D933829FEA7D2008AAAC8 /* CryptoKitStackImpl.swift */; };
		EB6D933C29FEAB9E008AAAC8 /* UserDefaultsStack.swift in Sources */ = {isa = PBXBuildFile; fileRef = EB6D933B29FEAB9E008AAAC8 /* UserDefaultsStack.swift */; };
		EB6D933E29FEABB0008AAAC8 /* UserDefaultsStackImpl.swift in Sources */ = {isa = PBXBuildFile; fileRef = EB6D933D29FEABB0008AAAC8 /* UserDefaultsStackImpl.swift */; };
		EB6D934129FEAC0E008AAAC8 /* CoreAssembly.swift in Sources */ = {isa = PBXBuildFile; fileRef = EB6D934029FEAC0E008AAAC8 /* CoreAssembly.swift */; };
		EB6D934329FEAC19008AAAC8 /* CoreAssemblyImpl.swift in Sources */ = {isa = PBXBuildFile; fileRef = EB6D934229FEAC19008AAAC8 /* CoreAssemblyImpl.swift */; };
		EB6D934529FEB350008AAAC8 /* AuthError.swift in Sources */ = {isa = PBXBuildFile; fileRef = EB6D934429FEB350008AAAC8 /* AuthError.swift */; };
		EB6D934729FEB380008AAAC8 /* CryptoKitError.swift in Sources */ = {isa = PBXBuildFile; fileRef = EB6D934629FEB380008AAAC8 /* CryptoKitError.swift */; };
		EB6D934929FEB72E008AAAC8 /* GalleryViewModel.swift in Sources */ = {isa = PBXBuildFile; fileRef = EB6D934829FEB72E008AAAC8 /* GalleryViewModel.swift */; };
		EB6D934B29FEB746008AAAC8 /* GalleryViewOutput.swift in Sources */ = {isa = PBXBuildFile; fileRef = EB6D934A29FEB746008AAAC8 /* GalleryViewOutput.swift */; };
		EB6D935029FEB804008AAAC8 /* GalleryAssembly.swift in Sources */ = {isa = PBXBuildFile; fileRef = EB6D934F29FEB804008AAAC8 /* GalleryAssembly.swift */; };
		EB6D935229FEB812008AAAC8 /* GalleryAssemblyImpl.swift in Sources */ = {isa = PBXBuildFile; fileRef = EB6D935129FEB812008AAAC8 /* GalleryAssemblyImpl.swift */; };
		EB6D935429FEB859008AAAC8 /* GalleryCoordinator.swift in Sources */ = {isa = PBXBuildFile; fileRef = EB6D935329FEB859008AAAC8 /* GalleryCoordinator.swift */; };
/* End PBXBuildFile section */

/* Begin PBXFileReference section */
		C35B6C727505B8BDF9412F60 /* Pods-Gallery.release.xcconfig */ = {isa = PBXFileReference; includeInIndex = 1; lastKnownFileType = text.xcconfig; name = "Pods-Gallery.release.xcconfig"; path = "Target Support Files/Pods-Gallery/Pods-Gallery.release.xcconfig"; sourceTree = "<group>"; };
		D83491315DE2216CCF32C43F /* Pods_Gallery.framework */ = {isa = PBXFileReference; explicitFileType = wrapper.framework; includeInIndex = 0; path = Pods_Gallery.framework; sourceTree = BUILT_PRODUCTS_DIR; };
		EB6D92B229FDA39B008AAAC8 /* Gallery.app */ = {isa = PBXFileReference; explicitFileType = wrapper.application; includeInIndex = 0; path = Gallery.app; sourceTree = BUILT_PRODUCTS_DIR; };
		EB6D92B529FDA39B008AAAC8 /* AppDelegate.swift */ = {isa = PBXFileReference; lastKnownFileType = sourcecode.swift; path = AppDelegate.swift; sourceTree = "<group>"; };
		EB6D92B929FDA39B008AAAC8 /* MainViewController.swift */ = {isa = PBXFileReference; lastKnownFileType = sourcecode.swift; path = MainViewController.swift; sourceTree = "<group>"; };
		EB6D92BE29FDA39C008AAAC8 /* Assets.xcassets */ = {isa = PBXFileReference; lastKnownFileType = folder.assetcatalog; path = Assets.xcassets; sourceTree = "<group>"; };
		EB6D92C129FDA39C008AAAC8 /* Base */ = {isa = PBXFileReference; lastKnownFileType = file.storyboard; name = Base; path = Base.lproj/LaunchScreen.storyboard; sourceTree = "<group>"; };
		EB6D92C329FDA39C008AAAC8 /* Info.plist */ = {isa = PBXFileReference; lastKnownFileType = text.plist.xml; path = Info.plist; sourceTree = "<group>"; };
		EB6D92E429FDC93A008AAAC8 /* ImageCollectionViewCell.swift */ = {isa = PBXFileReference; lastKnownFileType = sourcecode.swift; path = ImageCollectionViewCell.swift; sourceTree = "<group>"; };
		EB6D92E629FDC963008AAAC8 /* GalleryViewController.swift */ = {isa = PBXFileReference; lastKnownFileType = sourcecode.swift; path = GalleryViewController.swift; sourceTree = "<group>"; };
		EB6D92EB29FDC9B1008AAAC8 /* UICollectionViewCell+Extensions.swift */ = {isa = PBXFileReference; lastKnownFileType = sourcecode.swift; path = "UICollectionViewCell+Extensions.swift"; sourceTree = "<group>"; };
		EB6D92ED29FDC9C5008AAAC8 /* Reusable.swift */ = {isa = PBXFileReference; lastKnownFileType = sourcecode.swift; path = Reusable.swift; sourceTree = "<group>"; };
		EB6D92EF29FDC9CF008AAAC8 /* Configurable.swift */ = {isa = PBXFileReference; lastKnownFileType = sourcecode.swift; path = Configurable.swift; sourceTree = "<group>"; };
		EB6D92F329FDCDA1008AAAC8 /* AuthViewController.swift */ = {isa = PBXFileReference; lastKnownFileType = sourcecode.swift; path = AuthViewController.swift; sourceTree = "<group>"; };
		EB6D92F629FDCF69008AAAC8 /* AuthViewModel.swift */ = {isa = PBXFileReference; lastKnownFileType = sourcecode.swift; path = AuthViewModel.swift; sourceTree = "<group>"; };
		EB6D930029FDE0EC008AAAC8 /* RootCoordinatorImpl.swift */ = {isa = PBXFileReference; lastKnownFileType = sourcecode.swift; path = RootCoordinatorImpl.swift; sourceTree = "<group>"; };
		EB6D930229FDE0FC008AAAC8 /* RootCoordinator.swift */ = {isa = PBXFileReference; lastKnownFileType = sourcecode.swift; path = RootCoordinator.swift; sourceTree = "<group>"; };
		EB6D930F29FDE26C008AAAC8 /* ServiceAssembly.swift */ = {isa = PBXFileReference; lastKnownFileType = sourcecode.swift; path = ServiceAssembly.swift; sourceTree = "<group>"; };
		EB6D931129FDE279008AAAC8 /* ServiceAssemblyImpl.swift */ = {isa = PBXFileReference; lastKnownFileType = sourcecode.swift; path = ServiceAssemblyImpl.swift; sourceTree = "<group>"; };
		EB6D931329FDE35D008AAAC8 /* MainViewModel.swift */ = {isa = PBXFileReference; lastKnownFileType = sourcecode.swift; path = MainViewModel.swift; sourceTree = "<group>"; };
		EB6D931529FDE387008AAAC8 /* MainViewOutput.swift */ = {isa = PBXFileReference; lastKnownFileType = sourcecode.swift; path = MainViewOutput.swift; sourceTree = "<group>"; };
		EB6D931C29FDE55E008AAAC8 /* AuthViewOutput.swift */ = {isa = PBXFileReference; lastKnownFileType = sourcecode.swift; path = AuthViewOutput.swift; sourceTree = "<group>"; };
		EB6D931E29FDE58E008AAAC8 /* AuthAssembly.swift */ = {isa = PBXFileReference; lastKnownFileType = sourcecode.swift; path = AuthAssembly.swift; sourceTree = "<group>"; };
		EB6D932329FDE710008AAAC8 /* AuthCoordinator.swift */ = {isa = PBXFileReference; lastKnownFileType = sourcecode.swift; path = AuthCoordinator.swift; sourceTree = "<group>"; };
		EB6D932A29FDEA43008AAAC8 /* AuthAsssemblyImpl.swift */ = {isa = PBXFileReference; lastKnownFileType = sourcecode.swift; path = AuthAsssemblyImpl.swift; sourceTree = "<group>"; };
		EB6D932E29FE9A2D008AAAC8 /* AuthService.swift */ = {isa = PBXFileReference; lastKnownFileType = sourcecode.swift; path = AuthService.swift; sourceTree = "<group>"; };
		EB6D933029FE9A47008AAAC8 /* AuthServiceImpl.swift */ = {isa = PBXFileReference; lastKnownFileType = sourcecode.swift; path = AuthServiceImpl.swift; sourceTree = "<group>"; };
		EB6D933629FEA7C6008AAAC8 /* CryptoKitStack.swift */ = {isa = PBXFileReference; lastKnownFileType = sourcecode.swift; path = CryptoKitStack.swift; sourceTree = "<group>"; };
		EB6D933829FEA7D2008AAAC8 /* CryptoKitStackImpl.swift */ = {isa = PBXFileReference; lastKnownFileType = sourcecode.swift; path = CryptoKitStackImpl.swift; sourceTree = "<group>"; };
		EB6D933B29FEAB9E008AAAC8 /* UserDefaultsStack.swift */ = {isa = PBXFileReference; lastKnownFileType = sourcecode.swift; path = UserDefaultsStack.swift; sourceTree = "<group>"; };
		EB6D933D29FEABB0008AAAC8 /* UserDefaultsStackImpl.swift */ = {isa = PBXFileReference; lastKnownFileType = sourcecode.swift; path = UserDefaultsStackImpl.swift; sourceTree = "<group>"; };
		EB6D934029FEAC0E008AAAC8 /* CoreAssembly.swift */ = {isa = PBXFileReference; lastKnownFileType = sourcecode.swift; path = CoreAssembly.swift; sourceTree = "<group>"; };
		EB6D934229FEAC19008AAAC8 /* CoreAssemblyImpl.swift */ = {isa = PBXFileReference; lastKnownFileType = sourcecode.swift; path = CoreAssemblyImpl.swift; sourceTree = "<group>"; };
		EB6D934429FEB350008AAAC8 /* AuthError.swift */ = {isa = PBXFileReference; lastKnownFileType = sourcecode.swift; path = AuthError.swift; sourceTree = "<group>"; };
		EB6D934629FEB380008AAAC8 /* CryptoKitError.swift */ = {isa = PBXFileReference; lastKnownFileType = sourcecode.swift; path = CryptoKitError.swift; sourceTree = "<group>"; };
		EB6D934829FEB72E008AAAC8 /* GalleryViewModel.swift */ = {isa = PBXFileReference; lastKnownFileType = sourcecode.swift; path = GalleryViewModel.swift; sourceTree = "<group>"; };
		EB6D934A29FEB746008AAAC8 /* GalleryViewOutput.swift */ = {isa = PBXFileReference; lastKnownFileType = sourcecode.swift; path = GalleryViewOutput.swift; sourceTree = "<group>"; };
		EB6D934F29FEB804008AAAC8 /* GalleryAssembly.swift */ = {isa = PBXFileReference; lastKnownFileType = sourcecode.swift; path = GalleryAssembly.swift; sourceTree = "<group>"; };
		EB6D935129FEB812008AAAC8 /* GalleryAssemblyImpl.swift */ = {isa = PBXFileReference; lastKnownFileType = sourcecode.swift; path = GalleryAssemblyImpl.swift; sourceTree = "<group>"; };
		EB6D935329FEB859008AAAC8 /* GalleryCoordinator.swift */ = {isa = PBXFileReference; lastKnownFileType = sourcecode.swift; path = GalleryCoordinator.swift; sourceTree = "<group>"; };
		EEACD74A07E757E0BD130B5B /* Pods-Gallery.debug.xcconfig */ = {isa = PBXFileReference; includeInIndex = 1; lastKnownFileType = text.xcconfig; name = "Pods-Gallery.debug.xcconfig"; path = "Target Support Files/Pods-Gallery/Pods-Gallery.debug.xcconfig"; sourceTree = "<group>"; };
/* End PBXFileReference section */

/* Begin PBXFrameworksBuildPhase section */
		EB6D92AF29FDA39B008AAAC8 /* Frameworks */ = {
			isa = PBXFrameworksBuildPhase;
			buildActionMask = 2147483647;
			files = (
				CD2B03857705CEBF8E8F4CFD /* Pods_Gallery.framework in Frameworks */,
			);
			runOnlyForDeploymentPostprocessing = 0;
		};
/* End PBXFrameworksBuildPhase section */

/* Begin PBXGroup section */
		3F31EFDF172E7D4686478097 /* Frameworks */ = {
			isa = PBXGroup;
			children = (
				D83491315DE2216CCF32C43F /* Pods_Gallery.framework */,
			);
			name = Frameworks;
			sourceTree = "<group>";
		};
		924503D82EAB093156521036 /* Pods */ = {
			isa = PBXGroup;
			children = (
				EEACD74A07E757E0BD130B5B /* Pods-Gallery.debug.xcconfig */,
				C35B6C727505B8BDF9412F60 /* Pods-Gallery.release.xcconfig */,
			);
			path = Pods;
			sourceTree = "<group>";
		};
		EB6D92A929FDA39B008AAAC8 = {
			isa = PBXGroup;
			children = (
				EB6D92B429FDA39B008AAAC8 /* Gallery */,
				EB6D92B329FDA39B008AAAC8 /* Products */,
				924503D82EAB093156521036 /* Pods */,
				3F31EFDF172E7D4686478097 /* Frameworks */,
			);
			sourceTree = "<group>";
		};
		EB6D92B329FDA39B008AAAC8 /* Products */ = {
			isa = PBXGroup;
			children = (
				EB6D92B229FDA39B008AAAC8 /* Gallery.app */,
			);
			name = Products;
			sourceTree = "<group>";
		};
		EB6D92B429FDA39B008AAAC8 /* Gallery */ = {
			isa = PBXGroup;
			children = (
				EB6D92E229FDC834008AAAC8 /* Application */,
				EB6D92E329FDC8AC008AAAC8 /* Presentation */,
				EB6D92E829FDC982008AAAC8 /* Service */,
				EB6D933429FEA78F008AAAC8 /* Core */,
			);
			path = Gallery;
			sourceTree = "<group>";
		};
		EB6D92E129FDC82D008AAAC8 /* Resources */ = {
			isa = PBXGroup;
			children = (
				EB6D92BE29FDA39C008AAAC8 /* Assets.xcassets */,
				EB6D92C029FDA39C008AAAC8 /* LaunchScreen.storyboard */,
				EB6D92C329FDA39C008AAAC8 /* Info.plist */,
			);
			path = Resources;
			sourceTree = "<group>";
		};
		EB6D92E229FDC834008AAAC8 /* Application */ = {
			isa = PBXGroup;
			children = (
				EB6D92B529FDA39B008AAAC8 /* AppDelegate.swift */,
				EB6D92E129FDC82D008AAAC8 /* Resources */,
			);
			path = Application;
			sourceTree = "<group>";
		};
		EB6D92E329FDC8AC008AAAC8 /* Presentation */ = {
			isa = PBXGroup;
			children = (
				EB6D92FF29FDE0D4008AAAC8 /* Coordinator */,
				EB6D92FE29FDE0CC008AAAC8 /* Modules */,
			);
			path = Presentation;
			sourceTree = "<group>";
		};
		EB6D92E829FDC982008AAAC8 /* Service */ = {
			isa = PBXGroup;
			children = (
				EB6D930E29FDE255008AAAC8 /* ServiceAssembly */,
				EB6D92FD29FDE099008AAAC8 /* Services */,
				EB6D92EA29FDC99E008AAAC8 /* Protocols */,
				EB6D92E929FDC998008AAAC8 /* Extensions */,
			);
			path = Service;
			sourceTree = "<group>";
		};
		EB6D92E929FDC998008AAAC8 /* Extensions */ = {
			isa = PBXGroup;
			children = (
				EB6D92EB29FDC9B1008AAAC8 /* UICollectionViewCell+Extensions.swift */,
			);
			path = Extensions;
			sourceTree = "<group>";
		};
		EB6D92EA29FDC99E008AAAC8 /* Protocols */ = {
			isa = PBXGroup;
			children = (
				EB6D92ED29FDC9C5008AAAC8 /* Reusable.swift */,
				EB6D92EF29FDC9CF008AAAC8 /* Configurable.swift */,
			);
			path = Protocols;
			sourceTree = "<group>";
		};
		EB6D92F129FDCCBC008AAAC8 /* Gallery */ = {
			isa = PBXGroup;
			children = (
				EB6D934E29FEB7BA008AAAC8 /* Assembly */,
				EB6D92F229FDCCC4008AAAC8 /* Main */,
				EB6D935529FED007008AAAC8 /* Gallery */,
			);
			path = Gallery;
			sourceTree = "<group>";
		};
		EB6D92F229FDCCC4008AAAC8 /* Main */ = {
			isa = PBXGroup;
			children = (
				EB6D931729FDE38F008AAAC8 /* View */,
				EB6D931829FDE395008AAAC8 /* ViewModel */,
			);
			path = Main;
			sourceTree = "<group>";
		};
		EB6D92F529FDCF33008AAAC8 /* Auth */ = {
			isa = PBXGroup;
			children = (
				EB6D932C29FDEA4C008AAAC8 /* Assembly */,
				EB6D931A29FDE536008AAAC8 /* View */,
				EB6D931B29FDE53B008AAAC8 /* ViewModel */,
			);
			path = Auth;
			sourceTree = "<group>";
		};
		EB6D92FD29FDE099008AAAC8 /* Services */ = {
			isa = PBXGroup;
			children = (
				EB6D933229FE9FF6008AAAC8 /* AuthService */,
			);
			path = Services;
			sourceTree = "<group>";
		};
		EB6D92FE29FDE0CC008AAAC8 /* Modules */ = {
			isa = PBXGroup;
			children = (
				EB6D92F129FDCCBC008AAAC8 /* Gallery */,
				EB6D92F529FDCF33008AAAC8 /* Auth */,
			);
			path = Modules;
			sourceTree = "<group>";
		};
		EB6D92FF29FDE0D4008AAAC8 /* Coordinator */ = {
			isa = PBXGroup;
			children = (
				EB6D932D29FDEB34008AAAC8 /* Protocols */,
				EB6D930029FDE0EC008AAAC8 /* RootCoordinatorImpl.swift */,
			);
			path = Coordinator;
			sourceTree = "<group>";
		};
		EB6D930E29FDE255008AAAC8 /* ServiceAssembly */ = {
			isa = PBXGroup;
			children = (
				EB6D930F29FDE26C008AAAC8 /* ServiceAssembly.swift */,
				EB6D931129FDE279008AAAC8 /* ServiceAssemblyImpl.swift */,
			);
			path = ServiceAssembly;
			sourceTree = "<group>";
		};
		EB6D931729FDE38F008AAAC8 /* View */ = {
			isa = PBXGroup;
			children = (
				EB6D92B929FDA39B008AAAC8 /* MainViewController.swift */,
			);
			path = View;
			sourceTree = "<group>";
		};
		EB6D931829FDE395008AAAC8 /* ViewModel */ = {
			isa = PBXGroup;
			children = (
				EB6D931529FDE387008AAAC8 /* MainViewOutput.swift */,
				EB6D931329FDE35D008AAAC8 /* MainViewModel.swift */,
			);
			path = ViewModel;
			sourceTree = "<group>";
		};
		EB6D931A29FDE536008AAAC8 /* View */ = {
			isa = PBXGroup;
			children = (
				EB6D92F329FDCDA1008AAAC8 /* AuthViewController.swift */,
			);
			path = View;
			sourceTree = "<group>";
		};
		EB6D931B29FDE53B008AAAC8 /* ViewModel */ = {
			isa = PBXGroup;
			children = (
				EB6D931C29FDE55E008AAAC8 /* AuthViewOutput.swift */,
				EB6D92F629FDCF69008AAAC8 /* AuthViewModel.swift */,
			);
			path = ViewModel;
			sourceTree = "<group>";
		};
		EB6D932C29FDEA4C008AAAC8 /* Assembly */ = {
			isa = PBXGroup;
			children = (
				EB6D931E29FDE58E008AAAC8 /* AuthAssembly.swift */,
				EB6D932A29FDEA43008AAAC8 /* AuthAsssemblyImpl.swift */,
			);
			path = Assembly;
			sourceTree = "<group>";
		};
		EB6D932D29FDEB34008AAAC8 /* Protocols */ = {
			isa = PBXGroup;
			children = (
				EB6D930229FDE0FC008AAAC8 /* RootCoordinator.swift */,
				EB6D932329FDE710008AAAC8 /* AuthCoordinator.swift */,
				EB6D935329FEB859008AAAC8 /* GalleryCoordinator.swift */,
			);
			path = Protocols;
			sourceTree = "<group>";
		};
		EB6D933229FE9FF6008AAAC8 /* AuthService */ = {
			isa = PBXGroup;
			children = (
				EB6D932E29FE9A2D008AAAC8 /* AuthService.swift */,
				EB6D933029FE9A47008AAAC8 /* AuthServiceImpl.swift */,
				EB6D934429FEB350008AAAC8 /* AuthError.swift */,
			);
			path = AuthService;
			sourceTree = "<group>";
		};
		EB6D933429FEA78F008AAAC8 /* Core */ = {
			isa = PBXGroup;
			children = (
				EB6D933F29FEABF4008AAAC8 /* CoreAssembly */,
				EB6D933A29FEAB7E008AAAC8 /* UserDefaultsStack */,
				EB6D933529FEA7A1008AAAC8 /* CryptoKitStack */,
			);
			path = Core;
			sourceTree = "<group>";
		};
		EB6D933529FEA7A1008AAAC8 /* CryptoKitStack */ = {
			isa = PBXGroup;
			children = (
				EB6D933629FEA7C6008AAAC8 /* CryptoKitStack.swift */,
				EB6D933829FEA7D2008AAAC8 /* CryptoKitStackImpl.swift */,
				EB6D934629FEB380008AAAC8 /* CryptoKitError.swift */,
			);
			path = CryptoKitStack;
			sourceTree = "<group>";
		};
		EB6D933A29FEAB7E008AAAC8 /* UserDefaultsStack */ = {
			isa = PBXGroup;
			children = (
				EB6D933B29FEAB9E008AAAC8 /* UserDefaultsStack.swift */,
				EB6D933D29FEABB0008AAAC8 /* UserDefaultsStackImpl.swift */,
			);
			path = UserDefaultsStack;
			sourceTree = "<group>";
		};
		EB6D933F29FEABF4008AAAC8 /* CoreAssembly */ = {
			isa = PBXGroup;
			children = (
				EB6D934029FEAC0E008AAAC8 /* CoreAssembly.swift */,
				EB6D934229FEAC19008AAAC8 /* CoreAssemblyImpl.swift */,
			);
			path = CoreAssembly;
			sourceTree = "<group>";
		};
		EB6D934C29FEB74A008AAAC8 /* ViewModel */ = {
			isa = PBXGroup;
			children = (
				EB6D934829FEB72E008AAAC8 /* GalleryViewModel.swift */,
				EB6D934A29FEB746008AAAC8 /* GalleryViewOutput.swift */,
			);
			path = ViewModel;
			sourceTree = "<group>";
		};
		EB6D934D29FEB754008AAAC8 /* View */ = {
			isa = PBXGroup;
			children = (
				EB6D92E429FDC93A008AAAC8 /* ImageCollectionViewCell.swift */,
				EB6D92E629FDC963008AAAC8 /* GalleryViewController.swift */,
			);
			path = View;
			sourceTree = "<group>";
		};
		EB6D934E29FEB7BA008AAAC8 /* Assembly */ = {
			isa = PBXGroup;
			children = (
				EB6D934F29FEB804008AAAC8 /* GalleryAssembly.swift */,
				EB6D935129FEB812008AAAC8 /* GalleryAssemblyImpl.swift */,
			);
			path = Assembly;
			sourceTree = "<group>";
		};
		EB6D935529FED007008AAAC8 /* Gallery */ = {
			isa = PBXGroup;
			children = (
				EB6D934D29FEB754008AAAC8 /* View */,
				EB6D934C29FEB74A008AAAC8 /* ViewModel */,
			);
			path = Gallery;
			sourceTree = "<group>";
		};
/* End PBXGroup section */

/* Begin PBXNativeTarget section */
		EB6D92B129FDA39B008AAAC8 /* Gallery */ = {
			isa = PBXNativeTarget;
			buildConfigurationList = EB6D92C629FDA39C008AAAC8 /* Build configuration list for PBXNativeTarget "Gallery" */;
			buildPhases = (
				898DE10EB72F84438BB288B9 /* [CP] Check Pods Manifest.lock */,
				EB6D92AE29FDA39B008AAAC8 /* Sources */,
				EB6D92AF29FDA39B008AAAC8 /* Frameworks */,
				EB6D92B029FDA39B008AAAC8 /* Resources */,
				EB6D92E029FDC594008AAAC8 /* ShellScript */,
			);
			buildRules = (
			);
			dependencies = (
			);
			name = Gallery;
			productName = Gallery;
			productReference = EB6D92B229FDA39B008AAAC8 /* Gallery.app */;
			productType = "com.apple.product-type.application";
		};
/* End PBXNativeTarget section */

/* Begin PBXProject section */
		EB6D92AA29FDA39B008AAAC8 /* Project object */ = {
			isa = PBXProject;
			attributes = {
				BuildIndependentTargetsInParallel = 1;
				LastSwiftUpdateCheck = 1430;
				LastUpgradeCheck = 1430;
				TargetAttributes = {
					EB6D92B129FDA39B008AAAC8 = {
						CreatedOnToolsVersion = 14.3;
					};
				};
			};
			buildConfigurationList = EB6D92AD29FDA39B008AAAC8 /* Build configuration list for PBXProject "Gallery" */;
			compatibilityVersion = "Xcode 14.0";
			developmentRegion = en;
			hasScannedForEncodings = 0;
			knownRegions = (
				en,
				Base,
			);
			mainGroup = EB6D92A929FDA39B008AAAC8;
			productRefGroup = EB6D92B329FDA39B008AAAC8 /* Products */;
			projectDirPath = "";
			projectRoot = "";
			targets = (
				EB6D92B129FDA39B008AAAC8 /* Gallery */,
			);
		};
/* End PBXProject section */

/* Begin PBXResourcesBuildPhase section */
		EB6D92B029FDA39B008AAAC8 /* Resources */ = {
			isa = PBXResourcesBuildPhase;
			buildActionMask = 2147483647;
			files = (
				EB6D92C229FDA39C008AAAC8 /* LaunchScreen.storyboard in Resources */,
				EB6D92BF29FDA39C008AAAC8 /* Assets.xcassets in Resources */,
			);
			runOnlyForDeploymentPostprocessing = 0;
		};
/* End PBXResourcesBuildPhase section */

/* Begin PBXShellScriptBuildPhase section */
		898DE10EB72F84438BB288B9 /* [CP] Check Pods Manifest.lock */ = {
			isa = PBXShellScriptBuildPhase;
			buildActionMask = 2147483647;
			files = (
			);
			inputFileListPaths = (
			);
			inputPaths = (
				"${PODS_PODFILE_DIR_PATH}/Podfile.lock",
				"${PODS_ROOT}/Manifest.lock",
			);
			name = "[CP] Check Pods Manifest.lock";
			outputFileListPaths = (
			);
			outputPaths = (
				"$(DERIVED_FILE_DIR)/Pods-Gallery-checkManifestLockResult.txt",
			);
			runOnlyForDeploymentPostprocessing = 0;
			shellPath = /bin/sh;
			shellScript = "diff \"${PODS_PODFILE_DIR_PATH}/Podfile.lock\" \"${PODS_ROOT}/Manifest.lock\" > /dev/null\nif [ $? != 0 ] ; then\n    # print error to STDERR\n    echo \"error: The sandbox is not in sync with the Podfile.lock. Run 'pod install' or update your CocoaPods installation.\" >&2\n    exit 1\nfi\n# This output is used by Xcode 'outputs' to avoid re-running this script phase.\necho \"SUCCESS\" > \"${SCRIPT_OUTPUT_FILE_0}\"\n";
			showEnvVarsInLog = 0;
		};
		EB6D92E029FDC594008AAAC8 /* ShellScript */ = {
			isa = PBXShellScriptBuildPhase;
			alwaysOutOfDate = 1;
			buildActionMask = 2147483647;
			files = (
			);
			inputFileListPaths = (
			);
			inputPaths = (
			);
			outputFileListPaths = (
			);
			outputPaths = (
			);
			runOnlyForDeploymentPostprocessing = 0;
			shellPath = /bin/sh;
			shellScript = "\"${PODS_ROOT}/SwiftLint/swiftlint\"\n";
		};
/* End PBXShellScriptBuildPhase section */

/* Begin PBXSourcesBuildPhase section */
		EB6D92AE29FDA39B008AAAC8 /* Sources */ = {
			isa = PBXSourcesBuildPhase;
			buildActionMask = 2147483647;
			files = (
				EB6D934529FEB350008AAAC8 /* AuthError.swift in Sources */,
				EB6D934329FEAC19008AAAC8 /* CoreAssemblyImpl.swift in Sources */,
				EB6D934729FEB380008AAAC8 /* CryptoKitError.swift in Sources */,
				EB6D931229FDE279008AAAC8 /* ServiceAssemblyImpl.swift in Sources */,
				EB6D930129FDE0EC008AAAC8 /* RootCoordinatorImpl.swift in Sources */,
				EB6D934929FEB72E008AAAC8 /* GalleryViewModel.swift in Sources */,
				EB6D931029FDE26C008AAAC8 /* ServiceAssembly.swift in Sources */,
				EB6D932429FDE710008AAAC8 /* AuthCoordinator.swift in Sources */,
				EB6D935229FEB812008AAAC8 /* GalleryAssemblyImpl.swift in Sources */,
				EB6D931629FDE387008AAAC8 /* MainViewOutput.swift in Sources */,
				EB6D935029FEB804008AAAC8 /* GalleryAssembly.swift in Sources */,
				EB6D933729FEA7C6008AAAC8 /* CryptoKitStack.swift in Sources */,
				EB6D932F29FE9A2D008AAAC8 /* AuthService.swift in Sources */,
				EB6D92EE29FDC9C5008AAAC8 /* Reusable.swift in Sources */,
				EB6D930329FDE0FC008AAAC8 /* RootCoordinator.swift in Sources */,
				EB6D92E529FDC93A008AAAC8 /* ImageCollectionViewCell.swift in Sources */,
				EB6D933E29FEABB0008AAAC8 /* UserDefaultsStackImpl.swift in Sources */,
				EB6D934B29FEB746008AAAC8 /* GalleryViewOutput.swift in Sources */,
				EB6D933129FE9A47008AAAC8 /* AuthServiceImpl.swift in Sources */,
				EB6D931D29FDE55E008AAAC8 /* AuthViewOutput.swift in Sources */,
				EB6D92E729FDC963008AAAC8 /* GalleryViewController.swift in Sources */,
				EB6D92F029FDC9CF008AAAC8 /* Configurable.swift in Sources */,
				EB6D92F429FDCDA1008AAAC8 /* AuthViewController.swift in Sources */,
				EB6D931429FDE35D008AAAC8 /* MainViewModel.swift in Sources */,
				EB6D92BA29FDA39B008AAAC8 /* MainViewController.swift in Sources */,
				EB6D933929FEA7D2008AAAC8 /* CryptoKitStackImpl.swift in Sources */,
				EB6D92B629FDA39B008AAAC8 /* AppDelegate.swift in Sources */,
				EB6D935429FEB859008AAAC8 /* GalleryCoordinator.swift in Sources */,
				EB6D931F29FDE58E008AAAC8 /* AuthAssembly.swift in Sources */,
				EB6D934129FEAC0E008AAAC8 /* CoreAssembly.swift in Sources */,
				EB6D932B29FDEA43008AAAC8 /* AuthAsssemblyImpl.swift in Sources */,
				EB6D92EC29FDC9B1008AAAC8 /* UICollectionViewCell+Extensions.swift in Sources */,
				EB6D92F729FDCF69008AAAC8 /* AuthViewModel.swift in Sources */,
				EB6D933C29FEAB9E008AAAC8 /* UserDefaultsStack.swift in Sources */,
			);
			runOnlyForDeploymentPostprocessing = 0;
		};
/* End PBXSourcesBuildPhase section */

/* Begin PBXVariantGroup section */
		EB6D92C029FDA39C008AAAC8 /* LaunchScreen.storyboard */ = {
			isa = PBXVariantGroup;
			children = (
				EB6D92C129FDA39C008AAAC8 /* Base */,
			);
			name = LaunchScreen.storyboard;
			sourceTree = "<group>";
		};
/* End PBXVariantGroup section */

/* Begin XCBuildConfiguration section */
		EB6D92C429FDA39C008AAAC8 /* Debug */ = {
			isa = XCBuildConfiguration;
			buildSettings = {
				ALWAYS_SEARCH_USER_PATHS = NO;
				CLANG_ANALYZER_NONNULL = YES;
				CLANG_ANALYZER_NUMBER_OBJECT_CONVERSION = YES_AGGRESSIVE;
				CLANG_CXX_LANGUAGE_STANDARD = "gnu++20";
				CLANG_ENABLE_MODULES = YES;
				CLANG_ENABLE_OBJC_ARC = YES;
				CLANG_ENABLE_OBJC_WEAK = YES;
				CLANG_WARN_BLOCK_CAPTURE_AUTORELEASING = YES;
				CLANG_WARN_BOOL_CONVERSION = YES;
				CLANG_WARN_COMMA = YES;
				CLANG_WARN_CONSTANT_CONVERSION = YES;
				CLANG_WARN_DEPRECATED_OBJC_IMPLEMENTATIONS = YES;
				CLANG_WARN_DIRECT_OBJC_ISA_USAGE = YES_ERROR;
				CLANG_WARN_DOCUMENTATION_COMMENTS = YES;
				CLANG_WARN_EMPTY_BODY = YES;
				CLANG_WARN_ENUM_CONVERSION = YES;
				CLANG_WARN_INFINITE_RECURSION = YES;
				CLANG_WARN_INT_CONVERSION = YES;
				CLANG_WARN_NON_LITERAL_NULL_CONVERSION = YES;
				CLANG_WARN_OBJC_IMPLICIT_RETAIN_SELF = YES;
				CLANG_WARN_OBJC_LITERAL_CONVERSION = YES;
				CLANG_WARN_OBJC_ROOT_CLASS = YES_ERROR;
				CLANG_WARN_QUOTED_INCLUDE_IN_FRAMEWORK_HEADER = YES;
				CLANG_WARN_RANGE_LOOP_ANALYSIS = YES;
				CLANG_WARN_STRICT_PROTOTYPES = YES;
				CLANG_WARN_SUSPICIOUS_MOVE = YES;
				CLANG_WARN_UNGUARDED_AVAILABILITY = YES_AGGRESSIVE;
				CLANG_WARN_UNREACHABLE_CODE = YES;
				CLANG_WARN__DUPLICATE_METHOD_MATCH = YES;
				COPY_PHASE_STRIP = NO;
				DEBUG_INFORMATION_FORMAT = dwarf;
				ENABLE_STRICT_OBJC_MSGSEND = YES;
				ENABLE_TESTABILITY = YES;
				GCC_C_LANGUAGE_STANDARD = gnu11;
				GCC_DYNAMIC_NO_PIC = NO;
				GCC_NO_COMMON_BLOCKS = YES;
				GCC_OPTIMIZATION_LEVEL = 0;
				GCC_PREPROCESSOR_DEFINITIONS = (
					"DEBUG=1",
					"$(inherited)",
				);
				GCC_WARN_64_TO_32_BIT_CONVERSION = YES;
				GCC_WARN_ABOUT_RETURN_TYPE = YES_ERROR;
				GCC_WARN_UNDECLARED_SELECTOR = YES;
				GCC_WARN_UNINITIALIZED_AUTOS = YES_AGGRESSIVE;
				GCC_WARN_UNUSED_FUNCTION = YES;
				GCC_WARN_UNUSED_VARIABLE = YES;
				IPHONEOS_DEPLOYMENT_TARGET = 16.4;
				MTL_ENABLE_DEBUG_INFO = INCLUDE_SOURCE;
				MTL_FAST_MATH = YES;
				ONLY_ACTIVE_ARCH = YES;
				SDKROOT = iphoneos;
				SWIFT_ACTIVE_COMPILATION_CONDITIONS = DEBUG;
				SWIFT_OPTIMIZATION_LEVEL = "-Onone";
			};
			name = Debug;
		};
		EB6D92C529FDA39C008AAAC8 /* Release */ = {
			isa = XCBuildConfiguration;
			buildSettings = {
				ALWAYS_SEARCH_USER_PATHS = NO;
				CLANG_ANALYZER_NONNULL = YES;
				CLANG_ANALYZER_NUMBER_OBJECT_CONVERSION = YES_AGGRESSIVE;
				CLANG_CXX_LANGUAGE_STANDARD = "gnu++20";
				CLANG_ENABLE_MODULES = YES;
				CLANG_ENABLE_OBJC_ARC = YES;
				CLANG_ENABLE_OBJC_WEAK = YES;
				CLANG_WARN_BLOCK_CAPTURE_AUTORELEASING = YES;
				CLANG_WARN_BOOL_CONVERSION = YES;
				CLANG_WARN_COMMA = YES;
				CLANG_WARN_CONSTANT_CONVERSION = YES;
				CLANG_WARN_DEPRECATED_OBJC_IMPLEMENTATIONS = YES;
				CLANG_WARN_DIRECT_OBJC_ISA_USAGE = YES_ERROR;
				CLANG_WARN_DOCUMENTATION_COMMENTS = YES;
				CLANG_WARN_EMPTY_BODY = YES;
				CLANG_WARN_ENUM_CONVERSION = YES;
				CLANG_WARN_INFINITE_RECURSION = YES;
				CLANG_WARN_INT_CONVERSION = YES;
				CLANG_WARN_NON_LITERAL_NULL_CONVERSION = YES;
				CLANG_WARN_OBJC_IMPLICIT_RETAIN_SELF = YES;
				CLANG_WARN_OBJC_LITERAL_CONVERSION = YES;
				CLANG_WARN_OBJC_ROOT_CLASS = YES_ERROR;
				CLANG_WARN_QUOTED_INCLUDE_IN_FRAMEWORK_HEADER = YES;
				CLANG_WARN_RANGE_LOOP_ANALYSIS = YES;
				CLANG_WARN_STRICT_PROTOTYPES = YES;
				CLANG_WARN_SUSPICIOUS_MOVE = YES;
				CLANG_WARN_UNGUARDED_AVAILABILITY = YES_AGGRESSIVE;
				CLANG_WARN_UNREACHABLE_CODE = YES;
				CLANG_WARN__DUPLICATE_METHOD_MATCH = YES;
				COPY_PHASE_STRIP = NO;
				DEBUG_INFORMATION_FORMAT = "dwarf-with-dsym";
				ENABLE_NS_ASSERTIONS = NO;
				ENABLE_STRICT_OBJC_MSGSEND = YES;
				GCC_C_LANGUAGE_STANDARD = gnu11;
				GCC_NO_COMMON_BLOCKS = YES;
				GCC_WARN_64_TO_32_BIT_CONVERSION = YES;
				GCC_WARN_ABOUT_RETURN_TYPE = YES_ERROR;
				GCC_WARN_UNDECLARED_SELECTOR = YES;
				GCC_WARN_UNINITIALIZED_AUTOS = YES_AGGRESSIVE;
				GCC_WARN_UNUSED_FUNCTION = YES;
				GCC_WARN_UNUSED_VARIABLE = YES;
				IPHONEOS_DEPLOYMENT_TARGET = 16.4;
				MTL_ENABLE_DEBUG_INFO = NO;
				MTL_FAST_MATH = YES;
				SDKROOT = iphoneos;
				SWIFT_COMPILATION_MODE = wholemodule;
				SWIFT_OPTIMIZATION_LEVEL = "-O";
				VALIDATE_PRODUCT = YES;
			};
			name = Release;
		};
		EB6D92C729FDA39C008AAAC8 /* Debug */ = {
			isa = XCBuildConfiguration;
			baseConfigurationReference = EEACD74A07E757E0BD130B5B /* Pods-Gallery.debug.xcconfig */;
			buildSettings = {
				ASSETCATALOG_COMPILER_APPICON_NAME = AppIcon;
				ASSETCATALOG_COMPILER_GLOBAL_ACCENT_COLOR_NAME = AccentColor;
				CODE_SIGN_STYLE = Automatic;
				CURRENT_PROJECT_VERSION = 1;
				DEVELOPMENT_TEAM = 7RVKJ89XN7;
				GENERATE_INFOPLIST_FILE = YES;
				INFOPLIST_FILE = Gallery/Application/Resources/Info.plist;
				INFOPLIST_KEY_UIApplicationSupportsIndirectInputEvents = YES;
				INFOPLIST_KEY_UILaunchStoryboardName = LaunchScreen;
				INFOPLIST_KEY_UISupportedInterfaceOrientations_iPad = "UIInterfaceOrientationPortrait UIInterfaceOrientationPortraitUpsideDown UIInterfaceOrientationLandscapeLeft UIInterfaceOrientationLandscapeRight";
				INFOPLIST_KEY_UISupportedInterfaceOrientations_iPhone = "UIInterfaceOrientationPortrait UIInterfaceOrientationLandscapeLeft UIInterfaceOrientationLandscapeRight";
				IPHONEOS_DEPLOYMENT_TARGET = 15.0;
				LD_RUNPATH_SEARCH_PATHS = (
					"$(inherited)",
					"@executable_path/Frameworks",
				);
				MARKETING_VERSION = 1.0;
				PRODUCT_BUNDLE_IDENTIFIER = sofiyafedorova.Gallery;
				PRODUCT_NAME = "$(TARGET_NAME)";
				SUPPORTED_PLATFORMS = "iphoneos iphonesimulator";
				SUPPORTS_MACCATALYST = NO;
				SUPPORTS_MAC_DESIGNED_FOR_IPHONE_IPAD = NO;
				SWIFT_EMIT_LOC_STRINGS = YES;
				SWIFT_VERSION = 5.0;
				TARGETED_DEVICE_FAMILY = 1;
			};
			name = Debug;
		};
		EB6D92C829FDA39C008AAAC8 /* Release */ = {
			isa = XCBuildConfiguration;
			baseConfigurationReference = C35B6C727505B8BDF9412F60 /* Pods-Gallery.release.xcconfig */;
			buildSettings = {
				ASSETCATALOG_COMPILER_APPICON_NAME = AppIcon;
				ASSETCATALOG_COMPILER_GLOBAL_ACCENT_COLOR_NAME = AccentColor;
				CODE_SIGN_STYLE = Automatic;
				CURRENT_PROJECT_VERSION = 1;
				DEVELOPMENT_TEAM = 7RVKJ89XN7;
				GENERATE_INFOPLIST_FILE = YES;
				INFOPLIST_FILE = Gallery/Application/Resources/Info.plist;
				INFOPLIST_KEY_UIApplicationSupportsIndirectInputEvents = YES;
				INFOPLIST_KEY_UILaunchStoryboardName = LaunchScreen;
				INFOPLIST_KEY_UISupportedInterfaceOrientations_iPad = "UIInterfaceOrientationPortrait UIInterfaceOrientationPortraitUpsideDown UIInterfaceOrientationLandscapeLeft UIInterfaceOrientationLandscapeRight";
				INFOPLIST_KEY_UISupportedInterfaceOrientations_iPhone = "UIInterfaceOrientationPortrait UIInterfaceOrientationLandscapeLeft UIInterfaceOrientationLandscapeRight";
				IPHONEOS_DEPLOYMENT_TARGET = 15.0;
				LD_RUNPATH_SEARCH_PATHS = (
					"$(inherited)",
					"@executable_path/Frameworks",
				);
				MARKETING_VERSION = 1.0;
				PRODUCT_BUNDLE_IDENTIFIER = sofiyafedorova.Gallery;
				PRODUCT_NAME = "$(TARGET_NAME)";
				SUPPORTED_PLATFORMS = "iphoneos iphonesimulator";
				SUPPORTS_MACCATALYST = NO;
				SUPPORTS_MAC_DESIGNED_FOR_IPHONE_IPAD = NO;
				SWIFT_EMIT_LOC_STRINGS = YES;
				SWIFT_VERSION = 5.0;
				TARGETED_DEVICE_FAMILY = 1;
			};
			name = Release;
		};
/* End XCBuildConfiguration section */

/* Begin XCConfigurationList section */
		EB6D92AD29FDA39B008AAAC8 /* Build configuration list for PBXProject "Gallery" */ = {
			isa = XCConfigurationList;
			buildConfigurations = (
				EB6D92C429FDA39C008AAAC8 /* Debug */,
				EB6D92C529FDA39C008AAAC8 /* Release */,
			);
			defaultConfigurationIsVisible = 0;
			defaultConfigurationName = Release;
		};
		EB6D92C629FDA39C008AAAC8 /* Build configuration list for PBXNativeTarget "Gallery" */ = {
			isa = XCConfigurationList;
			buildConfigurations = (
				EB6D92C729FDA39C008AAAC8 /* Debug */,
				EB6D92C829FDA39C008AAAC8 /* Release */,
			);
			defaultConfigurationIsVisible = 0;
			defaultConfigurationName = Release;
		};
/* End XCConfigurationList section */
	};
	rootObject = EB6D92AA29FDA39B008AAAC8 /* Project object */;
}
